Microsoft Visual Studio Solution File, Format Version 12.00
# Visual Studio Version 17
VisualStudioVersion = 17.5.2.0
MinimumVisualStudioVersion = 10.0.40219.1
Project("{FAE04EC0-301F-11D3-BF4B-00C04F79EFBC}") = "BackgroundApi", "BackgroundApi\BackgroundApi.csproj", "{441A6CFB-340C-40FA-95F0-B016CB690A6F}"
EndProject
Project("{FAE04EC0-301F-11D3-BF4B-00C04F79EFBC}") = "MessageBrokerApi", "MessageBrokerApi\MessageBrokerApi.csproj", "{012E30C5-9889-4619-9C4D-9BCDAFD90BA1}"
EndProject
Global
	GlobalSection(SolutionConfigurationPlatforms) = preSolution
		Debug|Any CPU = Debug|Any CPU
		Release|Any CPU = Release|Any CPU
	EndGlobalSection
	GlobalSection(SolutionProperties) = preSolution
		HideSolutionNode = FALSE
	EndGlobalSection
	GlobalSection(ExtensibilityGlobals) = postSolution
		SolutionGuid = {05F3AA1F-AD83-404B-9A8C-57497F7DDA22}
	EndGlobalSection
	GlobalSection(ProjectConfigurationPlatforms) = postSolution
		{441A6CFB-340C-40FA-95F0-B016CB690A6F}.Debug|Any CPU.ActiveCfg = Debug|Any CPU
		{441A6CFB-340C-40FA-95F0-B016CB690A6F}.Debug|Any CPU.Build.0 = Debug|Any CPU
		{441A6CFB-340C-40FA-95F0-B016CB690A6F}.Release|Any CPU.ActiveCfg = Release|Any CPU
		{441A6CFB-340C-40FA-95F0-B016CB690A6F}.Release|Any CPU.Build.0 = Release|Any CPU
		{012E30C5-9889-4619-9C4D-9BCDAFD90BA1}.Debug|Any CPU.ActiveCfg = Debug|Any CPU
		{012E30C5-9889-4619-9C4D-9BCDAFD90BA1}.Debug|Any CPU.Build.0 = Debug|Any CPU
		{012E30C5-9889-4619-9C4D-9BCDAFD90BA1}.Release|Any CPU.ActiveCfg = Release|Any CPU
		{012E30C5-9889-4619-9C4D-9BCDAFD90BA1}.Release|Any CPU.Build.0 = Release|Any CPU
	EndGlobalSection
EndGlobal
